
Microsoft Visual Studio Solution File, Format Version 12.00
# Visual Studio Version 16
VisualStudioVersion = 16.0.29728.190
MinimumVisualStudioVersion = 10.0.40219.1
Project("{FAE04EC0-301F-11D3-BF4B-00C04F79EFBC}") = "CCalculator", "CCalculator.csproj", "{3C60821A-B647-4337-AE17-BEA4DD96E7B5}"
EndProject
Global
	GlobalSection(SolutionConfigurationPlatforms) = preSolution
		Debug|Any CPU = Debug|Any CPU
		Release|Any CPU = Release|Any CPU
	EndGlobalSection
	GlobalSection(ProjectConfigurationPlatforms) = postSolution
		{3C60821A-B647-4337-AE17-BEA4DD96E7B5}.Debug|Any CPU.ActiveCfg = Debug|Any CPU
		{3C60821A-B647-4337-AE17-BEA4DD96E7B5}.Debug|Any CPU.Build.0 = Debug|Any CPU
		{3C60821A-B647-4337-AE17-BEA4DD96E7B5}.Release|Any CPU.ActiveCfg = Release|Any CPU
		{3C60821A-B647-4337-AE17-BEA4DD96E7B5}.Release|Any CPU.Build.0 = Release|Any CPU
	EndGlobalSection
	GlobalSection(SolutionProperties) = preSolution
		HideSolutionNode = FALSE
	EndGlobalSection
	GlobalSection(ExtensibilityGlobals) = postSolution
		SolutionGuid = {03D65B4A-D967-4EB0-8519-5A2C246BEA0E}
	EndGlobalSection
EndGlobal
